# THIS IS AN AUTOGENERATED FILE. DO NOT EDIT THIS FILE DIRECTLY.
# yarn lockfile v1


"buffer-crc32@0.2.1":
  "integrity" "sha1-vj5TgvwCttYySVasGvmKqYsIU0w="
  "resolved" "https://registry.npmjs.org/buffer-crc32/-/buffer-crc32-0.2.1.tgz"
  "version" "0.2.1"

"bytes@0.2.0":
  "integrity" "sha1-qtM+wU49wsp06OfUUfm6BTrU96A="
  "resolved" "https://registry.npmjs.org/bytes/-/bytes-0.2.0.tgz"
  "version" "0.2.0"

"commander@0.6.1":
  "integrity" "sha1-+mihT2qUXVTbvlDYzbMyDp47GgY="
  "resolved" "https://registry.npmjs.org/commander/-/commander-0.6.1.tgz"
  "version" "0.6.1"

"connect@2.7.11":
  "integrity" "sha1-9WHV7vcLjXGcOX9yTTS6QGXHej4="
  "resolved" "https://registry.npmjs.org/connect/-/connect-2.7.11.tgz"
  "version" "2.7.11"
  dependencies:
    "buffer-crc32" "0.2.1"
    "bytes" "0.2.0"
    "cookie" "0.0.5"
    "cookie-signature" "1.0.1"
    "debug" "*"
    "formidable" "1.0.14"
    "fresh" "0.1.0"
    "pause" "0.0.1"
    "qs" "0.6.5"
    "send" "0.1.1"

"cookie-signature@1.0.1":
  "integrity" "sha1-ROByFIrwHm6OJK+/EmkNaK5pjss="
  "resolved" "https://registry.npmjs.org/cookie-signature/-/cookie-signature-1.0.1.tgz"
  "version" "1.0.1"

"cookie@0.0.5":
  "integrity" "sha1-+az521frdWjJ/MWWJWt7si4wfIE="
  "resolved" "https://registry.npmjs.org/cookie/-/cookie-0.0.5.tgz"
  "version" "0.0.5"

"cookie@0.1.0":
  "integrity" "sha1-kOtGndzpBchm3mh+/EMTHYgB+dA="
  "resolved" "https://registry.npmjs.org/cookie/-/cookie-0.1.0.tgz"
  "version" "0.1.0"

"debug@*":
  "integrity" "sha512-XQkHxxqbsCb+zFurCHbotmJZl5jXsxvkRt952pT6Hpo7LmjWAJF12d9/kqBg5owjbLADbBDli1olravjSiSg8g=="
  "resolved" "https://registry.npmjs.org/debug/-/debug-3.0.0.tgz"
  "version" "3.0.0"
  dependencies:
    "ms" "2.0.0"

"express@~3.2.6":
  "integrity" "sha1-2Kn+BlrcI8W0HsLGicZysmFDD/w="
  "resolved" "https://registry.npmjs.org/express/-/express-3.2.6.tgz"
  "version" "3.2.6"
  dependencies:
    "buffer-crc32" "0.2.1"
    "commander" "0.6.1"
    "connect" "2.7.11"
    "cookie" "0.1.0"
    "cookie-signature" "1.0.1"
    "debug" "*"
    "fresh" "0.1.0"
    "methods" "0.0.1"
    "mkdirp" "0.3.4"
    "range-parser" "0.0.4"
    "send" "0.1.0"

"formidable@1.0.14":
  "integrity" "sha1-Kz9MQRy7X91pXESEPiojUUpDIxo="
  "resolved" "https://registry.npmjs.org/formidable/-/formidable-1.0.14.tgz"
  "version" "1.0.14"

"fresh@0.1.0":
  "integrity" "sha1-A+SwF4Qk5MLV0ZpU2IFM3JeTSFA="
  "resolved" "https://registry.npmjs.org/fresh/-/fresh-0.1.0.tgz"
  "version" "0.1.0"

"methods@0.0.1":
  "integrity" "sha1-J3yQ+L7zlwlkWoNxxRw7bGSOBow="
  "resolved" "https://registry.npmjs.org/methods/-/methods-0.0.1.tgz"
  "version" "0.0.1"

"mime@~1.2.9":
  "integrity" "sha1-WCA+7Ybjpe8XrtK32evUfwpg3RA="
  "resolved" "https://registry.npmjs.org/mime/-/mime-1.2.11.tgz"
  "version" "1.2.11"

"mime@1.2.6":
  "integrity" "sha1-sfhsdowCX6h7SAdfFwnyiuryA2U="
  "resolved" "https://registry.npmjs.org/mime/-/mime-1.2.6.tgz"
  "version" "1.2.6"

"mkdirp@0.3.4":
  "integrity" "sha1-+MgdITtymaAx8ZOlfXUqF9L2x9g="
  "resolved" "https://registry.npmjs.org/mkdirp/-/mkdirp-0.3.4.tgz"
  "version" "0.3.4"

"ms@2.0.0":
  "integrity" "sha1-VgiurfwAvmwpAd9fmGF4jeDVl8g="
  "resolved" "https://registry.npmjs.org/ms/-/ms-2.0.0.tgz"
  "version" "2.0.0"

"node-uuid@~1.4.1":
  "integrity" "sha1-sEDrCSOWivq/jTL7HxfxFn/auQc="
  "resolved" "https://registry.npmjs.org/node-uuid/-/node-uuid-1.4.8.tgz"
  "version" "1.4.8"

"pause@0.0.1":
  "integrity" "sha1-HUCLP9t2kjuVQ9lvtMnf1TXZy10="
  "resolved" "https://registry.npmjs.org/pause/-/pause-0.0.1.tgz"
  "version" "0.0.1"

"qs@0.6.5":
  "integrity" "sha1-KUsmjksNQlD23eGbO4s0k13/FO8="
  "resolved" "https://registry.npmjs.org/qs/-/qs-0.6.5.tgz"
  "version" "0.6.5"

"range-parser@0.0.4":
  "integrity" "sha1-wEJ//vUcEKy6B4KkbJYC50T/Ygs="
  "resolved" "https://registry.npmjs.org/range-parser/-/range-parser-0.0.4.tgz"
  "version" "0.0.4"

"send@0.1.0":
  "integrity" "sha1-z7COvTzsm3/Bo32f+eh1qXHPRkA="
  "resolved" "https://registry.npmjs.org/send/-/send-0.1.0.tgz"
  "version" "0.1.0"
  dependencies:
    "debug" "*"
    "fresh" "0.1.0"
    "mime" "1.2.6"
    "range-parser" "0.0.4"

"send@0.1.1":
  "integrity" "sha1-C8/L0D3vbi2GEuGr+PSJW0UMYMg="
  "resolved" "https://registry.npmjs.org/send/-/send-0.1.1.tgz"
  "version" "0.1.1"
  dependencies:
    "debug" "*"
    "fresh" "0.1.0"
    "mime" "~1.2.9"
    "range-parser" "0.0.4"

"underscore@~1.4.4":
  "integrity" "sha1-YaajIBBiKvoHljvzJSA88SI51gQ="
  "resolved" "https://registry.npmjs.org/underscore/-/underscore-1.4.4.tgz"
  "version" "1.4.4"
